
Microsoft Visual Studio Solution File, Format Version 12.00
# Visual Studio Version 16
VisualStudioVersion = 16.0.30804.86
MinimumVisualStudioVersion = 10.0.40219.1
Project("{9A19103F-16F7-4668-BE54-9A1E7A4F7556}") = "WebAPIEFCore", "WebAPIEFCore.csproj", "{FDB3B64A-5DBE-4B93-96DC-C6139ACA0351}"
EndProject
Project("{FAE04EC0-301F-11D3-BF4B-00C04F79EFBC}") = "WebAPIEFCore.Test", "..\WebAPIEFCore.Test\WebAPIEFCore.Test.csproj", "{15B6ABCA-0388-431C-BBFE-177C6D8DC215}"
EndProject
Global
	GlobalSection(SolutionConfigurationPlatforms) = preSolution
		Debug|Any CPU = Debug|Any CPU
		Release|Any CPU = Release|Any CPU
	EndGlobalSection
	GlobalSection(ProjectConfigurationPlatforms) = postSolution
		{FDB3B64A-5DBE-4B93-96DC-C6139ACA0351}.Debug|Any CPU.ActiveCfg = Debug|Any CPU
		{FDB3B64A-5DBE-4B93-96DC-C6139ACA0351}.Debug|Any CPU.Build.0 = Debug|Any CPU
		{FDB3B64A-5DBE-4B93-96DC-C6139ACA0351}.Release|Any CPU.ActiveCfg = Release|Any CPU
		{FDB3B64A-5DBE-4B93-96DC-C6139ACA0351}.Release|Any CPU.Build.0 = Release|Any CPU
		{15B6ABCA-0388-431C-BBFE-177C6D8DC215}.Debug|Any CPU.ActiveCfg = Debug|Any CPU
		{15B6ABCA-0388-431C-BBFE-177C6D8DC215}.Debug|Any CPU.Build.0 = Debug|Any CPU
		{15B6ABCA-0388-431C-BBFE-177C6D8DC215}.Release|Any CPU.ActiveCfg = Release|Any CPU
		{15B6ABCA-0388-431C-BBFE-177C6D8DC215}.Release|Any CPU.Build.0 = Release|Any CPU
	EndGlobalSection
	GlobalSection(SolutionProperties) = preSolution
		HideSolutionNode = FALSE
	EndGlobalSection
	GlobalSection(ExtensibilityGlobals) = postSolution
		SolutionGuid = {17A9D633-3DF1-40FA-8B7F-F54FE567930F}
	EndGlobalSection
EndGlobal
